
Microsoft Visual Studio Solution File, Format Version 12.00
# Visual Studio Version 16
VisualStudioVersion = 16.0.29609.76
MinimumVisualStudioVersion = 10.0.40219.1
Project("{FAE04EC0-301F-11D3-BF4B-00C04F79EFBC}") = "Rabbits_Task_Connect_To_SQL_EntityFramework", "Rabbits_Task_Connect_To_SQL_EntityFramework.csproj", "{ED2366DE-6759-4DAC-8E3B-A2639155F4CA}"
EndProject
Global
	GlobalSection(SolutionConfigurationPlatforms) = preSolution
		Debug|Any CPU = Debug|Any CPU
		Release|Any CPU = Release|Any CPU
	EndGlobalSection
	GlobalSection(ProjectConfigurationPlatforms) = postSolution
		{ED2366DE-6759-4DAC-8E3B-A2639155F4CA}.Debug|Any CPU.ActiveCfg = Debug|Any CPU
		{ED2366DE-6759-4DAC-8E3B-A2639155F4CA}.Debug|Any CPU.Build.0 = Debug|Any CPU
		{ED2366DE-6759-4DAC-8E3B-A2639155F4CA}.Release|Any CPU.ActiveCfg = Release|Any CPU
		{ED2366DE-6759-4DAC-8E3B-A2639155F4CA}.Release|Any CPU.Build.0 = Release|Any CPU
	EndGlobalSection
	GlobalSection(SolutionProperties) = preSolution
		HideSolutionNode = FALSE
	EndGlobalSection
	GlobalSection(ExtensibilityGlobals) = postSolution
		SolutionGuid = {4DF0546C-1480-4DF1-AEB8-86E3EDC59AAF}
	EndGlobalSection
EndGlobal
